
Microsoft Visual Studio Solution File, Format Version 12.00
# Visual Studio Version 17
VisualStudioVersion = 17.4.33103.184
MinimumVisualStudioVersion = 10.0.40219.1
Project("{FAE04EC0-301F-11D3-BF4B-00C04F79EFBC}") = "EMedicineBE", "EMedicineBE.csproj", "{B3055281-AB86-4F85-BD4E-9A629BFDE1FE}"
EndProject
Global
	GlobalSection(SolutionConfigurationPlatforms) = preSolution
		Debug|Any CPU = Debug|Any CPU
		Release|Any CPU = Release|Any CPU
	EndGlobalSection
	GlobalSection(ProjectConfigurationPlatforms) = postSolution
		{B3055281-AB86-4F85-BD4E-9A629BFDE1FE}.Debug|Any CPU.ActiveCfg = Debug|Any CPU
		{B3055281-AB86-4F85-BD4E-9A629BFDE1FE}.Debug|Any CPU.Build.0 = Debug|Any CPU
		{B3055281-AB86-4F85-BD4E-9A629BFDE1FE}.Release|Any CPU.ActiveCfg = Release|Any CPU
		{B3055281-AB86-4F85-BD4E-9A629BFDE1FE}.Release|Any CPU.Build.0 = Release|Any CPU
	EndGlobalSection
	GlobalSection(SolutionProperties) = preSolution
		HideSolutionNode = FALSE
	EndGlobalSection
	GlobalSection(ExtensibilityGlobals) = postSolution
		SolutionGuid = {688135B9-64BB-4B07-B9D5-6F49E2CB342F}
	EndGlobalSection
EndGlobal
